
Microsoft Visual Studio Solution File, Format Version 12.00
# Visual Studio Version 17
VisualStudioVersion = 17.5.002.0
MinimumVisualStudioVersion = 10.0.40219.1
Project("{9A19103F-16F7-4668-BE54-9A1E7A4F7556}") = "AreaOfCircle", "AreaOfCircle\AreaOfCircle.csproj", "{CE77B3BF-AB6C-4428-8E72-C82F9418F7DD}"
EndProject
Global
	GlobalSection(SolutionConfigurationPlatforms) = preSolution
		Debug|Any CPU = Debug|Any CPU
		Release|Any CPU = Release|Any CPU
	EndGlobalSection
	GlobalSection(ProjectConfigurationPlatforms) = postSolution
		{CE77B3BF-AB6C-4428-8E72-C82F9418F7DD}.Debug|Any CPU.ActiveCfg = Debug|Any CPU
		{CE77B3BF-AB6C-4428-8E72-C82F9418F7DD}.Debug|Any CPU.Build.0 = Debug|Any CPU
		{CE77B3BF-AB6C-4428-8E72-C82F9418F7DD}.Release|Any CPU.ActiveCfg = Release|Any CPU
		{CE77B3BF-AB6C-4428-8E72-C82F9418F7DD}.Release|Any CPU.Build.0 = Release|Any CPU
	EndGlobalSection
	GlobalSection(SolutionProperties) = preSolution
		HideSolutionNode = FALSE
	EndGlobalSection
	GlobalSection(ExtensibilityGlobals) = postSolution
		SolutionGuid = {D89EE9E0-2B05-45F5-8868-CAA554D413C4}
	EndGlobalSection
EndGlobal
